
Microsoft Visual Studio Solution File, Format Version 12.00
# Visual Studio Version 17
VisualStudioVersion = 17.13.35617.110 d17.13
MinimumVisualStudioVersion = 10.0.40219.1
Project("{FAE04EC0-301F-11D3-BF4B-00C04F79EFBC}") = "RecipesServer", "RecipesServer\RecipesServer.csproj", "{6B91E5DE-F5FE-4FE3-9BF7-71115A676D45}"
EndProject
Global
	GlobalSection(SolutionConfigurationPlatforms) = preSolution
		Debug|Any CPU = Debug|Any CPU
		Release|Any CPU = Release|Any CPU
	EndGlobalSection
	GlobalSection(ProjectConfigurationPlatforms) = postSolution
		{6B91E5DE-F5FE-4FE3-9BF7-71115A676D45}.Debug|Any CPU.ActiveCfg = Debug|Any CPU
		{6B91E5DE-F5FE-4FE3-9BF7-71115A676D45}.Debug|Any CPU.Build.0 = Debug|Any CPU
		{6B91E5DE-F5FE-4FE3-9BF7-71115A676D45}.Release|Any CPU.ActiveCfg = Release|Any CPU
		{6B91E5DE-F5FE-4FE3-9BF7-71115A676D45}.Release|Any CPU.Build.0 = Release|Any CPU
	EndGlobalSection
	GlobalSection(SolutionProperties) = preSolution
		HideSolutionNode = FALSE
	EndGlobalSection
	GlobalSection(ExtensibilityGlobals) = postSolution
		SolutionGuid = {85BB010C-08A6-4280-B035-BA9DE22BE99F}
	EndGlobalSection
EndGlobal
